
Microsoft Visual Studio Solution File, Format Version 12.00
# Visual Studio Version 16
VisualStudioVersion = 16.0.29102.190
MinimumVisualStudioVersion = 10.0.40219.1
Project("{FAE04EC0-301F-11D3-BF4B-00C04F79EFBC}") = "VirtualQueue", "VirtualQueue\VirtualQueue.csproj", "{C18549CF-EF9B-4E9E-B45F-E2478953A3AD}"
EndProject
Global
	GlobalSection(SolutionConfigurationPlatforms) = preSolution
		Debug|Any CPU = Debug|Any CPU
		Release|Any CPU = Release|Any CPU
	EndGlobalSection
	GlobalSection(ProjectConfigurationPlatforms) = postSolution
		{C18549CF-EF9B-4E9E-B45F-E2478953A3AD}.Debug|Any CPU.ActiveCfg = Debug|Any CPU
		{C18549CF-EF9B-4E9E-B45F-E2478953A3AD}.Debug|Any CPU.Build.0 = Debug|Any CPU
		{C18549CF-EF9B-4E9E-B45F-E2478953A3AD}.Release|Any CPU.ActiveCfg = Release|Any CPU
		{C18549CF-EF9B-4E9E-B45F-E2478953A3AD}.Release|Any CPU.Build.0 = Release|Any CPU
	EndGlobalSection
	GlobalSection(SolutionProperties) = preSolution
		HideSolutionNode = FALSE
	EndGlobalSection
	GlobalSection(ExtensibilityGlobals) = postSolution
		SolutionGuid = {A19767AA-93BB-404D-A8D2-0D3C205AA3D6}
	EndGlobalSection
EndGlobal
